<?xml version="1.0" encoding="utf-8"?>
<Project ToolsVersion="4.0" xmlns="http://schemas.microsoft.com/developer/msbuild/2003">
  <ItemGroup>
    <Filter Include="ソース ファイル">
      <UniqueIdentifier>{4FC737F1-C7A5-4376-A066-2A32D752A2FF}</UniqueIdentifier>
      <Extensions>cpp;c;cc;cxx;c++;cppm;ixx;def;odl;idl;hpj;bat;asm;asmx</Extensions>
    </Filter>
    <Filter Include="ヘッダー ファイル">
      <UniqueIdentifier>{93995380-89BD-4b04-88EB-625FBE52EBFB}</UniqueIdentifier>
      <Extensions>h;hh;hpp;hxx;h++;hm;inl;inc;ipp;xsd</Extensions>
    </Filter>
    <Filter Include="リソース ファイル">
      <UniqueIdentifier>{67DA6AB6-F800-4c08-8B7A-83BB121AAD01}</UniqueIdentifier>
      <Extensions>rc;ico;cur;bmp;dlg;rc2;rct;bin;rgs;gif;jpg;jpeg;jpe;resx;tiff;tif;png;wav;mfcribbon-ms</Extensions>
    </Filter>
    <Filter Include="Common">
      <UniqueIdentifier>{82bfec0a-2d07-4c17-a917-572a43c36529}</UniqueIdentifier>
    </Filter>
    <Filter Include="Common\Functions">
      <UniqueIdentifier>{fb08376d-97b2-4e6f-97a1-9f43f7c0c384}</UniqueIdentifier>
    </Filter>
    <Filter Include="UsefulTool">
      <UniqueIdentifier>{63c7b401-3a1a-4c83-b1a9-768566e34b20}</UniqueIdentifier>
    </Filter>
    <Filter Include="UsefulTool\Camera">
      <UniqueIdentifier>{9b79ef11-d094-4927-a325-ba44865bac8e}</UniqueIdentifier>
    </Filter>
    <Filter Include="UsefulTool\Light">
      <UniqueIdentifier>{4861fd1a-3f45-4f97-9dc0-706166aeb207}</UniqueIdentifier>
    </Filter>
    <Filter Include="UsefulTool\OSR">
      <UniqueIdentifier>{4bcca42f-af47-4045-9c75-02a6243e7bf8}</UniqueIdentifier>
    </Filter>
    <Filter Include="UsefulTool\Time">
      <UniqueIdentifier>{7d4c0291-ada0-4787-bbc2-5c54a71be084}</UniqueIdentifier>
    </Filter>
    <Filter Include="UsefulTool\Easing">
      <UniqueIdentifier>{74a47522-2689-4d21-9d2f-b123fd0a4c34}</UniqueIdentifier>
    </Filter>
    <Filter Include="UsefulTool\Random">
      <UniqueIdentifier>{bf730b97-464f-456a-9b90-dae3ac4f4071}</UniqueIdentifier>
    </Filter>
    <Filter Include="Scene">
      <UniqueIdentifier>{66cdf496-1406-412f-8459-8d24f4b21b89}</UniqueIdentifier>
    </Filter>
    <Filter Include="UsefulTool\GridLine">
      <UniqueIdentifier>{d0e9114e-ea52-4c3c-a00d-517d8ebb8861}</UniqueIdentifier>
    </Filter>
    <Filter Include="Common\MathUtils">
      <UniqueIdentifier>{aea72bed-0efe-445c-8125-f51c82857f8e}</UniqueIdentifier>
    </Filter>
    <Filter Include="Scene\Game">
      <UniqueIdentifier>{fe2676b2-1af0-4f21-a76c-d0ee4cf382cb}</UniqueIdentifier>
    </Filter>
    <Filter Include="Scene\Test">
      <UniqueIdentifier>{e7b1a162-2a8a-4854-a534-5ca769ebfc54}</UniqueIdentifier>
    </Filter>
    <Filter Include="externals">
      <UniqueIdentifier>{c4a53c12-aa5b-4e71-88ae-08ac1f091082}</UniqueIdentifier>
    </Filter>
    <Filter Include="externals\imgui">
      <UniqueIdentifier>{b07034c3-2d41-439e-91e5-ac7d068b16f2}</UniqueIdentifier>
    </Filter>
    <Filter Include="Common\MathUtils\Physics">
      <UniqueIdentifier>{9003a0f6-6401-4c14-9604-9b3155eeacd6}</UniqueIdentifier>
    </Filter>
    <Filter Include="Common\MathUtils\Physics\Collider">
      <UniqueIdentifier>{2ad742c9-6ea5-4f58-a19f-ad4719c2451c}</UniqueIdentifier>
    </Filter>
    <Filter Include="Common\MathUtils\Quaternion">
      <UniqueIdentifier>{1037bff7-057e-4af4-89ab-ab1ffad7a90c}</UniqueIdentifier>
    </Filter>
    <Filter Include="Game3D">
      <UniqueIdentifier>{e548cda0-0067-4976-b77f-bbf7b4b50906}</UniqueIdentifier>
    </Filter>
    <Filter Include="Game3D\Player3D">
      <UniqueIdentifier>{4988ef74-887c-48f5-9b07-3b85332df5cf}</UniqueIdentifier>
    </Filter>
    <Filter Include="UsefulTool\Camera\CameraController">
      <UniqueIdentifier>{032ec473-759f-4fba-9dfa-f953dab45e65}</UniqueIdentifier>
    </Filter>
    <Filter Include="resources">
      <UniqueIdentifier>{1f7ef2d4-2f29-47a5-b4d9-a9b2c7e497af}</UniqueIdentifier>
    </Filter>
    <Filter Include="resources\shaders">
      <UniqueIdentifier>{7563b302-b2c2-4748-98ba-245bc4a30ee8}</UniqueIdentifier>
    </Filter>
    <Filter Include="Engine">
      <UniqueIdentifier>{af5aab12-6a70-4e3d-a6b4-f99a492b89a2}</UniqueIdentifier>
    </Filter>
    <Filter Include="Engine\Core">
      <UniqueIdentifier>{5c13af36-2596-4a14-97fc-f017ffafac61}</UniqueIdentifier>
    </Filter>
    <Filter Include="Engine\Core\DebugTeam">
      <UniqueIdentifier>{ce5664fb-5954-4f58-8289-bc3905a58131}</UniqueIdentifier>
    </Filter>
    <Filter Include="Engine\Core\Command">
      <UniqueIdentifier>{a528b782-d815-44d4-99ea-56a2f399787f}</UniqueIdentifier>
    </Filter>
    <Filter Include="Engine\Input">
      <UniqueIdentifier>{1635245f-79ca-447a-9aad-de46873f0aa7}</UniqueIdentifier>
    </Filter>
    <Filter Include="Engine\Music">
      <UniqueIdentifier>{ae7e5751-e7df-4996-8f40-a0c1347e9796}</UniqueIdentifier>
    </Filter>
    <Filter Include="Engine\Objects">
      <UniqueIdentifier>{8ecb1502-a3f6-4ae5-ba68-a0cfee212561}</UniqueIdentifier>
    </Filter>
    <Filter Include="Engine\ResourceView">
      <UniqueIdentifier>{12848de9-3961-4593-96f0-c032b850b92f}</UniqueIdentifier>
    </Filter>
    <Filter Include="Engine\Objects\Model">
      <UniqueIdentifier>{ef02234d-61f3-4a54-bfc2-39085ee1b6dc}</UniqueIdentifier>
    </Filter>
    <Filter Include="Engine\Objects\Primitive">
      <UniqueIdentifier>{303881ee-cdba-4339-b712-cf26743da7b9}</UniqueIdentifier>
    </Filter>
    <Filter Include="Engine\ResourceView\PipelineStateObject">
      <UniqueIdentifier>{ef373e71-d1d0-451d-8f55-52491dced211}</UniqueIdentifier>
    </Filter>
    <Filter Include="Engine\ResourceView\Texture">
      <UniqueIdentifier>{4ea67776-ed8e-47d0-990e-64cfa67798a3}</UniqueIdentifier>
    </Filter>
    <Filter Include="Common\Structure">
      <UniqueIdentifier>{c1474cf4-6394-4dba-ab7b-49b3d7ee7e10}</UniqueIdentifier>
    </Filter>
    <Filter Include="Common\Structure\Matrix">
      <UniqueIdentifier>{44a6bb54-c085-4cf7-ac16-4b4430b003ba}</UniqueIdentifier>
    </Filter>
    <Filter Include="Common\Structure\Vector">
      <UniqueIdentifier>{8b1fbb18-d537-4ed8-aee2-25c244228a9f}</UniqueIdentifier>
    </Filter>
    <Filter Include="Common\Structure\Advanced">
      <UniqueIdentifier>{b65f3c2e-68b8-428e-989d-0ef105d11d18}</UniqueIdentifier>
    </Filter>
    <Filter Include="Game3D\Player3D\PlayerState">
      <UniqueIdentifier>{dd392997-87fb-4353-a4e7-d0a43b53ff03}</UniqueIdentifier>
    </Filter>
    <Filter Include="Game3D\Enemy">
      <UniqueIdentifier>{c955f375-fa4e-46a7-9746-a8060ae65c76}</UniqueIdentifier>
    </Filter>
    <Filter Include="Game3D\Enemy\EnemyState">
      <UniqueIdentifier>{18d78713-c94f-4916-9b57-c7fa9f8d7471}</UniqueIdentifier>
    </Filter>
    <Filter Include="Game3D\Bullet">
      <UniqueIdentifier>{c5d09d8d-5964-470d-b187-39fdf1e9e843}</UniqueIdentifier>
    </Filter>
    <Filter Include="resources\shaders\Object3d">
      <UniqueIdentifier>{31786124-72df-4f0a-be7f-ec8a9a1ce7f9}</UniqueIdentifier>
    </Filter>
    <Filter Include="resources\shaders\Particle">
      <UniqueIdentifier>{68bea7db-693e-4160-a9aa-b087a64b3a59}</UniqueIdentifier>
    </Filter>
    <Filter Include="Engine\Objects\Particle">
      <UniqueIdentifier>{1586f0a2-cf66-420e-9888-f1f882e13570}</UniqueIdentifier>
    </Filter>
    <Filter Include="Scene\Clear">
      <UniqueIdentifier>{e58b5627-dea0-4d0e-beba-37c510dfab83}</UniqueIdentifier>
    </Filter>
    <Filter Include="Scene\GameOver">
      <UniqueIdentifier>{4025fb79-5de8-44b4-805a-26a0fd32d0a1}</UniqueIdentifier>
    </Filter>
    <Filter Include="UsefulTool\Light\PointLight">
      <UniqueIdentifier>{51ef4757-cb60-43d3-ad90-817253be67b0}</UniqueIdentifier>
    </Filter>
    <Filter Include="UsefulTool\Light\SpotLight">
      <UniqueIdentifier>{9c2e8a28-a585-4a60-a0e6-083bc7b7c907}</UniqueIdentifier>
    </Filter>
    <Filter Include="UsefulTool\GlobalVariables">
      <UniqueIdentifier>{3ebde07e-b7c4-4d82-b881-01ea3b6c8463}</UniqueIdentifier>
    </Filter>
    <Filter Include="Common\MathUtils\Physics\GJK">
      <UniqueIdentifier>{6e0c8eda-2e64-46f4-bbb8-f89af464a263}</UniqueIdentifier>
    </Filter>
    <Filter Include="UsefulTool\Animation">
      <UniqueIdentifier>{48994a07-42e4-4474-a1ef-a6eb1683d600}</UniqueIdentifier>
    </Filter>
    <Filter Include="UsefulTool\Animation\Keyframe">
      <UniqueIdentifier>{eb8a8c6f-3ece-45d9-a987-d1bca278c148}</UniqueIdentifier>
    </Filter>
    <Filter Include="resources\shaders\SkinningObject3d">
      <UniqueIdentifier>{768110a9-3e68-4c94-8c11-0ab15faa5fa3}</UniqueIdentifier>
    </Filter>
    <Filter Include="Game3D\Player3D\Player3DCommand">
      <UniqueIdentifier>{95d85004-aebf-4ac3-ac33-0c8080cdab73}</UniqueIdentifier>
    </Filter>
    <Filter Include="Game3D\Other">
      <UniqueIdentifier>{35ecde88-901f-43bb-8144-b5394c6b2065}</UniqueIdentifier>
    </Filter>
    <Filter Include="UsefulTool\Light\AreaLight">
      <UniqueIdentifier>{f95926ee-e817-4388-aca0-c293baf7ca99}</UniqueIdentifier>
    </Filter>
    <Filter Include="UsefulTool\Pause">
      <UniqueIdentifier>{33b6d334-057f-48c5-b851-9205c5554712}</UniqueIdentifier>
    </Filter>
    <Filter Include="UsefulTool\UI">
      <UniqueIdentifier>{724fa077-e05d-49b1-a456-bb02c087a621}</UniqueIdentifier>
    </Filter>
    <Filter Include="Scene\Title">
      <UniqueIdentifier>{e9ce9545-e7f4-41b8-b0d8-c20c352e9e5a}</UniqueIdentifier>
    </Filter>
    <Filter Include="UsefulTool\Motion">
      <UniqueIdentifier>{499c004e-274f-4edb-bce2-7620acbe3c43}</UniqueIdentifier>
    </Filter>
  </ItemGroup>
  <ItemGroup>
    <ClCompile Include="main.cpp">
      <Filter>ソース ファイル</Filter>
    </ClCompile>
    <ClCompile Include="externals\imgui\imgui.cpp">
      <Filter>externals\imgui</Filter>
    </ClCompile>
    <ClCompile Include="externals\imgui\imgui_demo.cpp">
      <Filter>externals\imgui</Filter>
    </ClCompile>
    <ClCompile Include="externals\imgui\imgui_draw.cpp">
      <Filter>externals\imgui</Filter>
    </ClCompile>
    <ClCompile Include="externals\imgui\imgui_impl_dx12.cpp">
      <Filter>externals\imgui</Filter>
    </ClCompile>
    <ClCompile Include="externals\imgui\imgui_impl_win32.cpp">
      <Filter>externals\imgui</Filter>
    </ClCompile>
    <ClCompile Include="externals\imgui\imgui_tables.cpp">
      <Filter>externals\imgui</Filter>
    </ClCompile>
    <ClCompile Include="externals\imgui\imgui_widgets.cpp">
      <Filter>externals\imgui</Filter>
    </ClCompile>
    <ClCompile Include="Common\Functions\Trigonometric.cpp">
      <Filter>Common\Functions</Filter>
    </ClCompile>
    <ClCompile Include="UsefulTool\Light\DirectionLight.cpp">
      <Filter>UsefulTool\Light</Filter>
    </ClCompile>
    <ClCompile Include="UsefulTool\OSR\OffScreenRendering.cpp">
      <Filter>UsefulTool\OSR</Filter>
    </ClCompile>
    <ClCompile Include="UsefulTool\Time\Chronos.cpp">
      <Filter>UsefulTool\Time</Filter>
    </ClCompile>
    <ClCompile Include="UsefulTool\Easing\Easing.cpp">
      <Filter>UsefulTool\Easing</Filter>
    </ClCompile>
    <ClCompile Include="UsefulTool\Random\RandomUtils.cpp">
      <Filter>UsefulTool\Random</Filter>
    </ClCompile>
    <ClCompile Include="Scene\Scene.cpp">
      <Filter>Scene</Filter>
    </ClCompile>
    <ClCompile Include="Scene\SceneDirector.cpp">
      <Filter>Scene</Filter>
    </ClCompile>
    <ClCompile Include="UsefulTool\GridLine\GridLine.cpp">
      <Filter>UsefulTool\GridLine</Filter>
    </ClCompile>
    <ClCompile Include="Common\MathUtils\MathUtils.cpp">
      <Filter>Common\MathUtils</Filter>
    </ClCompile>
    <ClCompile Include="UsefulTool\Camera\Camera.cpp">
      <Filter>UsefulTool\Camera</Filter>
    </ClCompile>
    <ClCompile Include="Scene\Game\GameScene.cpp">
      <Filter>Scene\Game</Filter>
    </ClCompile>
    <ClCompile Include="Scene\Test\TestScene.cpp">
      <Filter>Scene\Test</Filter>
    </ClCompile>
    <ClCompile Include="Common\MathUtils\Physics\Collider\Collider.cpp">
      <Filter>Common\MathUtils\Physics\Collider</Filter>
    </ClCompile>
    <ClCompile Include="Common\MathUtils\Physics\Collider\CollisionManager.cpp">
      <Filter>Common\MathUtils\Physics\Collider</Filter>
    </ClCompile>
    <ClCompile Include="Common\MathUtils\Quaternion\Quaternion.cpp">
      <Filter>Common\MathUtils\Quaternion</Filter>
    </ClCompile>
    <ClCompile Include="Game3D\Player3D\Player3D.cpp">
      <Filter>Game3D\Player3D</Filter>
    </ClCompile>
    <ClCompile Include="UsefulTool\Camera\CameraController\CameraController.cpp">
      <Filter>UsefulTool\Camera\CameraController</Filter>
    </ClCompile>
    <ClCompile Include="UsefulTool\Camera\CameraSystem.cpp">
      <Filter>UsefulTool\Camera</Filter>
    </ClCompile>
    <ClCompile Include="UsefulTool\Camera\CameraController\NormalCameraController.cpp">
      <Filter>UsefulTool\Camera\CameraController</Filter>
    </ClCompile>
    <ClCompile Include="UsefulTool\Camera\CameraController\DebugCameraController.cpp">
      <Filter>UsefulTool\Camera\CameraController</Filter>
    </ClCompile>
    <ClCompile Include="Engine\Core\D3D12System.cpp">
      <Filter>Engine\Core</Filter>
    </ClCompile>
    <ClCompile Include="Engine\Core\DXGI.cpp">
      <Filter>Engine\Core</Filter>
    </ClCompile>
    <ClCompile Include="Engine\Core\OmnisTechOracle.cpp">
      <Filter>Engine\Core</Filter>
    </ClCompile>
    <ClCompile Include="Engine\Core\TachyonSync.cpp">
      <Filter>Engine\Core</Filter>
    </ClCompile>
    <ClCompile Include="Engine\Core\Window.cpp">
      <Filter>Engine\Core</Filter>
    </ClCompile>
    <ClCompile Include="Engine\Core\DebugTeam\ErrorGuardian.cpp">
      <Filter>Engine\Core\DebugTeam</Filter>
    </ClCompile>
    <ClCompile Include="Engine\Core\DebugTeam\ImGuiManager.cpp">
      <Filter>Engine\Core\DebugTeam</Filter>
    </ClCompile>
    <ClCompile Include="Engine\Core\DebugTeam\Log.cpp">
      <Filter>Engine\Core\DebugTeam</Filter>
    </ClCompile>
    <ClCompile Include="Engine\Core\Command\CommandList.cpp">
      <Filter>Engine\Core\Command</Filter>
    </ClCompile>
    <ClCompile Include="Engine\Core\Command\CommandQueue.cpp">
      <Filter>Engine\Core\Command</Filter>
    </ClCompile>
    <ClCompile Include="Engine\Core\Command\TheOrderCommand.cpp">
      <Filter>Engine\Core\Command</Filter>
    </ClCompile>
    <ClCompile Include="Engine\Input\GamePad.cpp">
      <Filter>Engine\Input</Filter>
    </ClCompile>
    <ClCompile Include="Engine\Input\InputManager.cpp">
      <Filter>Engine\Input</Filter>
    </ClCompile>
    <ClCompile Include="Engine\Input\Key.cpp">
      <Filter>Engine\Input</Filter>
    </ClCompile>
    <ClCompile Include="Engine\Input\Mouse.cpp">
      <Filter>Engine\Input</Filter>
    </ClCompile>
    <ClCompile Include="Engine\Music\Audio.cpp">
      <Filter>Engine\Music</Filter>
    </ClCompile>
    <ClCompile Include="Engine\Music\BGM.cpp">
      <Filter>Engine\Music</Filter>
    </ClCompile>
    <ClCompile Include="Engine\Music\Music.cpp">
      <Filter>Engine\Music</Filter>
    </ClCompile>
    <ClCompile Include="Engine\Music\SE.cpp">
      <Filter>Engine\Music</Filter>
    </ClCompile>
    <ClCompile Include="Engine\Objects\ModelManager.cpp">
      <Filter>Engine\Objects</Filter>
    </ClCompile>
    <ClCompile Include="Engine\Objects\ObjectBase.cpp">
      <Filter>Engine\Objects</Filter>
    </ClCompile>
    <ClCompile Include="Engine\Objects\Model\ModelObject.cpp">
      <Filter>Engine\Objects\Model</Filter>
    </ClCompile>
    <ClCompile Include="Engine\Objects\Primitive\LineObject.cpp">
      <Filter>Engine\Objects\Primitive</Filter>
    </ClCompile>
    <ClCompile Include="Engine\Objects\Primitive\SphereObject.cpp">
      <Filter>Engine\Objects\Primitive</Filter>
    </ClCompile>
    <ClCompile Include="Engine\Objects\Primitive\SpriteObject.cpp">
      <Filter>Engine\Objects\Primitive</Filter>
    </ClCompile>
    <ClCompile Include="Engine\Objects\Primitive\TriangleObject.cpp">
      <Filter>Engine\Objects\Primitive</Filter>
    </ClCompile>
    <ClCompile Include="Engine\ResourceView\PipelineStateObject\DepthStencil.cpp">
      <Filter>Engine\ResourceView</Filter>
    </ClCompile>
    <ClCompile Include="Engine\ResourceView\DescriptorHeap.cpp">
      <Filter>Engine\ResourceView</Filter>
    </ClCompile>
    <ClCompile Include="Engine\ResourceView\Fence.cpp">
      <Filter>Engine\ResourceView</Filter>
    </ClCompile>
    <ClCompile Include="Engine\ResourceView\RenderTargetView.cpp">
      <Filter>Engine\ResourceView</Filter>
    </ClCompile>
    <ClCompile Include="Engine\ResourceView\ResourceBarrier.cpp">
      <Filter>Engine\ResourceView</Filter>
    </ClCompile>
    <ClCompile Include="Engine\ResourceView\ResourceFunc.cpp">
      <Filter>Engine\ResourceView</Filter>
    </ClCompile>
    <ClCompile Include="Engine\ResourceView\ShaderResourceView.cpp">
      <Filter>Engine\ResourceView</Filter>
    </ClCompile>
    <ClCompile Include="Engine\ResourceView\SwapChain.cpp">
      <Filter>Engine\ResourceView</Filter>
    </ClCompile>
    <ClCompile Include="Engine\ResourceView\Texture\Texture.cpp">
      <Filter>Engine\ResourceView\Texture</Filter>
    </ClCompile>
    <ClCompile Include="Engine\ResourceView\Texture\TextureManager.cpp">
      <Filter>Engine\ResourceView\Texture</Filter>
    </ClCompile>
    <ClCompile Include="Engine\ResourceView\PipelineStateObject\BlendState.cpp">
      <Filter>Engine\ResourceView\PipelineStateObject</Filter>
    </ClCompile>
    <ClCompile Include="Engine\ResourceView\PipelineStateObject\DXC.cpp">
      <Filter>Engine\ResourceView\PipelineStateObject</Filter>
    </ClCompile>
    <ClCompile Include="Engine\ResourceView\PipelineStateObject\InputLayout.cpp">
      <Filter>Engine\ResourceView\PipelineStateObject</Filter>
    </ClCompile>
    <ClCompile Include="Engine\ResourceView\PipelineStateObject\PipelineStateObject.cpp">
      <Filter>Engine\ResourceView\PipelineStateObject</Filter>
    </ClCompile>
    <ClCompile Include="Engine\ResourceView\PipelineStateObject\RasterizerState.cpp">
      <Filter>Engine\ResourceView\PipelineStateObject</Filter>
    </ClCompile>
    <ClCompile Include="Engine\ResourceView\PipelineStateObject\RootSignature.cpp">
      <Filter>Engine\ResourceView\PipelineStateObject</Filter>
    </ClCompile>
    <ClCompile Include="Engine\Fngine.cpp">
      <Filter>Engine</Filter>
    </ClCompile>
    <ClCompile Include="Common\Structure\Matrix\Matrix4x4.cpp">
      <Filter>Common\Structure\Matrix</Filter>
    </ClCompile>
    <ClCompile Include="Common\Structure\Vector\Vector2.cpp">
      <Filter>Common\Structure\Vector</Filter>
    </ClCompile>
    <ClCompile Include="Common\Structure\Vector\Vector3.cpp">
      <Filter>Common\Structure\Vector</Filter>
    </ClCompile>
    <ClCompile Include="Common\Structure\Advanced\AABB.cpp">
      <Filter>Common\Structure\Advanced</Filter>
    </ClCompile>
    <ClCompile Include="Common\Structure\Advanced\Transform.cpp">
      <Filter>Common\Structure\Advanced</Filter>
    </ClCompile>
    <ClCompile Include="Common\Structure\Advanced\WorldTransform.cpp">
      <Filter>Common\Structure\Advanced</Filter>
    </ClCompile>
    <ClCompile Include="UsefulTool\Easing\EasingType.cpp">
      <Filter>UsefulTool\Easing</Filter>
    </ClCompile>
    <ClCompile Include="Game3D\Player3D\Player3DState\PlayerJumpState.cpp">
      <Filter>Game3D\Player3D\PlayerState</Filter>
    </ClCompile>
    <ClCompile Include="Game3D\Player3D\Player3DState\PlayerState.cpp">
      <Filter>Game3D\Player3D\PlayerState</Filter>
    </ClCompile>
    <ClCompile Include="Game3D\Player3D\Player3DState\PlayerStopState.cpp">
      <Filter>Game3D\Player3D\PlayerState</Filter>
    </ClCompile>
    <ClCompile Include="Game3D\Player3D\Player3DState\PlayerWalkState.cpp">
      <Filter>Game3D\Player3D\PlayerState</Filter>
    </ClCompile>
    <ClCompile Include="Game3D\Player3D\Player3DState\PlayerFallState.cpp">
      <Filter>Game3D\Player3D\PlayerState</Filter>
    </ClCompile>
    <ClCompile Include="Game3D\Player3D\Player3DState\PlayerDoubleJumpState.cpp">
      <Filter>Game3D\Player3D\PlayerState</Filter>
    </ClCompile>
    <ClCompile Include="Game3D\Player3D\Player3DState\PlayerDashState.cpp">
      <Filter>Game3D\Player3D\PlayerState</Filter>
    </ClCompile>
    <ClCompile Include="Game3D\Player3D\Player3DState\PlayerAttackState.cpp">
      <Filter>Game3D\Player3D\PlayerState</Filter>
    </ClCompile>
    <ClCompile Include="Game3D\Enemy\Enemy.cpp">
      <Filter>Game3D\Enemy</Filter>
    </ClCompile>
    <ClCompile Include="Game3D\Enemy\EnemyState\BossDecisionState.cpp">
      <Filter>Game3D\Enemy\EnemyState</Filter>
    </ClCompile>
    <ClCompile Include="Game3D\Enemy\EnemyState\BossChaseState.cpp">
      <Filter>Game3D\Enemy\EnemyState</Filter>
    </ClCompile>
    <ClCompile Include="Game3D\Enemy\EnemyState\BossMeleeAttackState.cpp">
      <Filter>Game3D\Enemy\EnemyState</Filter>
    </ClCompile>
    <ClCompile Include="Game3D\Enemy\EnemyState\BossHurtState.cpp">
      <Filter>Game3D\Enemy\EnemyState</Filter>
    </ClCompile>
    <ClCompile Include="Game3D\Enemy\EnemyState\BossRangeAttackState.cpp">
      <Filter>Game3D\Enemy\EnemyState</Filter>
    </ClCompile>
    <ClCompile Include="Game3D\Enemy\EnemyState\BossDeathState.cpp">
      <Filter>Game3D\Enemy\EnemyState</Filter>
    </ClCompile>
    <ClCompile Include="Game3D\Enemy\BossBodyCollider.cpp">
      <Filter>Game3D\Enemy</Filter>
    </ClCompile>
    <ClCompile Include="Game3D\Player3D\Player3DState\PlayerExhaustedState.cpp">
      <Filter>Game3D\Player3D\PlayerState</Filter>
    </ClCompile>
    <ClCompile Include="Game3D\Player3D\PlayerBodyCollider.cpp">
      <Filter>Game3D\Player3D</Filter>
    </ClCompile>
    <ClCompile Include="Game3D\Player3D\Player3DState\PlayerHurtState.cpp">
      <Filter>Game3D\Player3D\PlayerState</Filter>
    </ClCompile>
    <ClCompile Include="Game3D\Player3D\Player3DState\PlayerDeathState.cpp">
      <Filter>Game3D\Player3D\PlayerState</Filter>
    </ClCompile>
    <ClCompile Include="Game3D\Player3D\Player3DState\PlayerEvasionState.cpp">
      <Filter>Game3D\Player3D\PlayerState</Filter>
    </ClCompile>
    <ClCompile Include="Engine\Objects\Particle\Particle.cpp">
      <Filter>Engine\Objects\Particle</Filter>
    </ClCompile>
    <ClCompile Include="Game3D\Bullet\Bullet.cpp">
      <Filter>Game3D\Bullet</Filter>
    </ClCompile>
    <ClCompile Include="Game3D\Bullet\BulletManager.cpp">
      <Filter>Game3D\Bullet</Filter>
    </ClCompile>
    <ClCompile Include="Scene\Clear\ClearScene.cpp">
      <Filter>Scene\Clear</Filter>
    </ClCompile>
    <ClCompile Include="Scene\GameOver\GameOver.cpp">
      <Filter>Scene\GameOver</Filter>
    </ClCompile>
    <ClCompile Include="Engine\Core\DebugTeam\D3D12ResourceLeakChecker.cpp">
      <Filter>Engine\Core\DebugTeam</Filter>
    </ClCompile>
    <ClCompile Include="Engine\ResourceView\PipelineStateObject\PipelineStateObjectManager.cpp">
      <Filter>Engine\ResourceView\PipelineStateObject</Filter>
    </ClCompile>
    <ClCompile Include="UsefulTool\Light\PointLight\PointLight.cpp">
      <Filter>UsefulTool\Light\PointLight</Filter>
    </ClCompile>
    <ClCompile Include="UsefulTool\Light\SpotLight\SpotLight.cpp">
      <Filter>UsefulTool\Light\SpotLight</Filter>
    </ClCompile>
    <ClCompile Include="Common\Structure\Advanced\CameraForGPU.cpp">
      <Filter>Common\Structure\Advanced</Filter>
    </ClCompile>
    <ClCompile Include="Engine\Objects\Particle\ParticleEmitter.cpp">
      <Filter>Engine\Objects\Particle</Filter>
    </ClCompile>
    <ClCompile Include="Engine\Objects\Particle\ForceField.cpp">
      <Filter>Engine\Objects\Particle</Filter>
    </ClCompile>
    <ClCompile Include="Common\Structure\Advanced\Structured.cpp">
      <Filter>Common\Structure\Advanced</Filter>
    </ClCompile>
    <ClCompile Include="UsefulTool\GlobalVariables\GlobalVariables.cpp">
      <Filter>UsefulTool\GlobalVariables</Filter>
    </ClCompile>
    <ClCompile Include="Common\MathUtils\Physics\GJK\GJK.cpp">
      <Filter>Common\MathUtils\Physics\GJK</Filter>
    </ClCompile>
    <ClCompile Include="UsefulTool\Animation\Keyframe\Keyframe.cpp">
      <Filter>UsefulTool\Animation\Keyframe</Filter>
    </ClCompile>
    <ClCompile Include="UsefulTool\Animation\Animation.cpp">
      <Filter>UsefulTool\Animation</Filter>
    </ClCompile>
    <ClCompile Include="Engine\Objects\Model\Skeleton.cpp">
      <Filter>Engine\Objects\Model</Filter>
    </ClCompile>
    <ClCompile Include="Engine\Objects\Model\Joint.cpp">
      <Filter>ソース ファイル</Filter>
    </ClCompile>
    <ClCompile Include="Engine\Objects\Model\SkinCluster.cpp">
      <Filter>ソース ファイル</Filter>
    </ClCompile>
    <ClCompile Include="UsefulTool\Camera\CameraController\GameCameraController.cpp">
      <Filter>UsefulTool\Camera\CameraController</Filter>
    </ClCompile>
    <ClCompile Include="Game3D\Player3D\Player3DCommand\Player3DCommand.cpp">
      <Filter>Game3D\Player3D\Player3DCommand</Filter>
    </ClCompile>
    <ClCompile Include="Game3D\Player3D\Player3DCommand\PlayerInputHandler.cpp">
      <Filter>Game3D\Player3D\Player3DCommand</Filter>
    </ClCompile>
    <ClCompile Include="Game3D\Player3D\Player3DState\PlayerStepEvasionState.cpp">
      <Filter>Game3D\Player3D\PlayerState</Filter>
    </ClCompile>
    <ClCompile Include="Game3D\Player3D\Player3DState\PlayerJustEvasionState.cpp">
      <Filter>ソース ファイル</Filter>
    </ClCompile>
    <ClCompile Include="Game3D\Enemy\EnemyState\BossDashAttackState.cpp">
      <Filter>ソース ファイル</Filter>
    </ClCompile>
    <ClCompile Include="Game3D\Enemy\EnemyState\BossSpinAttackState.cpp">
      <Filter>ソース ファイル</Filter>
    </ClCompile>
    <ClCompile Include="Game3D\Enemy\EnemyState\BossRoarState.cpp">
      <Filter>ソース ファイル</Filter>
    </ClCompile>
    <ClCompile Include="Game3D\Other\Ground.cpp">
      <Filter>Game3D\Other</Filter>
    </ClCompile>
    <ClCompile Include="Engine\Game.cpp">
      <Filter>Engine</Filter>
    </ClCompile>
    <ClCompile Include="Engine\WinApp.cpp">
      <Filter>Engine</Filter>
    </ClCompile>
    <ClCompile Include="UsefulTool\Light\AreaLight\AreaLight.cpp">
      <Filter>UsefulTool\Light\AreaLight</Filter>
    </ClCompile>
    <ClCompile Include="UsefulTool\Light\AreaLight\ltc_matrix.cpp">
      <Filter>UsefulTool\Light\AreaLight</Filter>
    </ClCompile>
    <ClCompile Include="UsefulTool\Pause\PauseSystem.cpp">
      <Filter>UsefulTool\Pause</Filter>
    </ClCompile>
    <ClCompile Include="UsefulTool\UI\UIElement.cpp">
      <Filter>ソース ファイル</Filter>
    </ClCompile>
    <ClCompile Include="UsefulTool\UI\UIContainer.cpp">
      <Filter>ソース ファイル</Filter>
    </ClCompile>
    <ClCompile Include="UsefulTool\UI\UIHAnimation\UIHAnimation.cpp">
      <Filter>ソース ファイル</Filter>
    </ClCompile>
    <ClCompile Include="UsefulTool\UI\UIHEditor\UIHEditor.cpp">
      <Filter>ソース ファイル</Filter>
    </ClCompile>
    <ClCompile Include="Scene\Title\TitleScene.cpp">
      <Filter>Scene\Title</Filter>
    </ClCompile>
    <ClCompile Include="Common\MathUtils\Spline\Hermite.ixx">
      <Filter>ソース ファイル</Filter>
    </ClCompile>
    <ClCompile Include="Common\MathUtils\Spline\Hermite.cpp">
      <Filter>ソース ファイル</Filter>
    </ClCompile>
    <ClCompile Include="UsefulTool\Motion\MotionManager.ixx">
      <Filter>UsefulTool\Motion</Filter>
    </ClCompile>
    <ClCompile Include="UsefulTool\Motion\MotionManager.cpp">
      <Filter>UsefulTool\Motion</Filter>
    </ClCompile>
  </ItemGroup>
  <ItemGroup>
    <ClInclude Include="externals\imgui\imconfig.h">
      <Filter>externals\imgui</Filter>
    </ClInclude>
    <ClInclude Include="externals\imgui\imgui.h">
      <Filter>externals\imgui</Filter>
    </ClInclude>
    <ClInclude Include="externals\imgui\imgui_impl_dx12.h">
      <Filter>externals\imgui</Filter>
    </ClInclude>
    <ClInclude Include="externals\imgui\imgui_impl_win32.h">
      <Filter>externals\imgui</Filter>
    </ClInclude>
    <ClInclude Include="externals\imgui\imgui_internal.h">
      <Filter>externals\imgui</Filter>
    </ClInclude>
    <ClInclude Include="externals\imgui\imstb_rectpack.h">
      <Filter>externals\imgui</Filter>
    </ClInclude>
    <ClInclude Include="externals\imgui\imstb_textedit.h">
      <Filter>externals\imgui</Filter>
    </ClInclude>
    <ClInclude Include="externals\imgui\imstb_truetype.h">
      <Filter>externals\imgui</Filter>
    </ClInclude>
    <ClInclude Include="Common\Functions\Trigonometric.h">
      <Filter>Common\Functions</Filter>
    </ClInclude>
    <ClInclude Include="UsefulTool\Light\DirectionLight.h">
      <Filter>UsefulTool\Light</Filter>
    </ClInclude>
    <ClInclude Include="UsefulTool\OSR\OffScreenRendering.h">
      <Filter>UsefulTool\OSR</Filter>
    </ClInclude>
    <ClInclude Include="UsefulTool\Time\Chronos.h">
      <Filter>UsefulTool\Time</Filter>
    </ClInclude>
    <ClInclude Include="UsefulTool\Easing\Easing.h">
      <Filter>UsefulTool\Easing</Filter>
    </ClInclude>
    <ClInclude Include="UsefulTool\Random\RandomUtils.h">
      <Filter>UsefulTool\Random</Filter>
    </ClInclude>
    <ClInclude Include="Scene\Scene.h">
      <Filter>Scene</Filter>
    </ClInclude>
    <ClInclude Include="Scene\SceneDirector.h">
      <Filter>Scene</Filter>
    </ClInclude>
    <ClInclude Include="UsefulTool\GridLine\GridLine.h">
      <Filter>UsefulTool\GridLine</Filter>
    </ClInclude>
    <ClInclude Include="Common\MathUtils\MathUtils.h">
      <Filter>Common\MathUtils</Filter>
    </ClInclude>
    <ClInclude Include="UsefulTool\Camera\Camera.h">
      <Filter>UsefulTool\Camera</Filter>
    </ClInclude>
    <ClInclude Include="Scene\Game\GameScene.h">
      <Filter>Scene\Game</Filter>
    </ClInclude>
    <ClInclude Include="Scene\Test\TestScene.h">
      <Filter>Scene\Test</Filter>
    </ClInclude>
    <ClInclude Include="Common\MathUtils\Physics\Collider\Collider.h">
      <Filter>Common\MathUtils\Physics\Collider</Filter>
    </ClInclude>
    <ClInclude Include="Common\MathUtils\Physics\Collider\CollisionManager.h">
      <Filter>Common\MathUtils\Physics\Collider</Filter>
    </ClInclude>
    <ClInclude Include="Common\MathUtils\Quaternion\Quaternion.h">
      <Filter>Common\MathUtils\Quaternion</Filter>
    </ClInclude>
    <ClInclude Include="Game3D\Player3D\Player3D.h">
      <Filter>Game3D\Player3D</Filter>
    </ClInclude>
    <ClInclude Include="UsefulTool\Camera\CameraController\CameraController.h">
      <Filter>UsefulTool\Camera\CameraController</Filter>
    </ClInclude>
    <ClInclude Include="UsefulTool\Camera\CameraSystem.h">
      <Filter>UsefulTool\Camera</Filter>
    </ClInclude>
    <ClInclude Include="Engine\Core\D3D12System.h">
      <Filter>Engine\Core</Filter>
    </ClInclude>
    <ClInclude Include="Engine\Core\DXGI.h">
      <Filter>Engine\Core</Filter>
    </ClInclude>
    <ClInclude Include="Engine\Core\OmnisTechOracle.h">
      <Filter>Engine\Core</Filter>
    </ClInclude>
    <ClInclude Include="Engine\Core\TachyonSync.h">
      <Filter>Engine\Core</Filter>
    </ClInclude>
    <ClInclude Include="Engine\Core\Window.h">
      <Filter>Engine\Core</Filter>
    </ClInclude>
    <ClInclude Include="Engine\Core\DebugTeam\ErrorGuardian.h">
      <Filter>Engine\Core\DebugTeam</Filter>
    </ClInclude>
    <ClInclude Include="Engine\Core\DebugTeam\ImGuiManager.h">
      <Filter>Engine\Core\DebugTeam</Filter>
    </ClInclude>
    <ClInclude Include="Engine\Core\DebugTeam\Log.h">
      <Filter>Engine\Core\DebugTeam</Filter>
    </ClInclude>
    <ClInclude Include="Engine\Core\Command\CommandList.h">
      <Filter>Engine\Core\Command</Filter>
    </ClInclude>
    <ClInclude Include="Engine\Core\Command\CommandQueue.h">
      <Filter>Engine\Core\Command</Filter>
    </ClInclude>
    <ClInclude Include="Engine\Core\Command\TheOrderCommand.h">
      <Filter>Engine\Core\Command</Filter>
    </ClInclude>
    <ClInclude Include="Engine\Input\GamePad.h">
      <Filter>Engine\Input</Filter>
    </ClInclude>
    <ClInclude Include="Engine\Input\InputManager.h">
      <Filter>Engine\Input</Filter>
    </ClInclude>
    <ClInclude Include="Engine\Input\Key.h">
      <Filter>Engine\Input</Filter>
    </ClInclude>
    <ClInclude Include="Engine\Input\Mouse.h">
      <Filter>Engine\Input</Filter>
    </ClInclude>
    <ClInclude Include="Engine\Music\Audio.h">
      <Filter>Engine\Music</Filter>
    </ClInclude>
    <ClInclude Include="Engine\Music\BGM.h">
      <Filter>Engine\Music</Filter>
    </ClInclude>
    <ClInclude Include="Engine\Music\Music.h">
      <Filter>Engine\Music</Filter>
    </ClInclude>
    <ClInclude Include="Engine\Music\SE.h">
      <Filter>Engine\Music</Filter>
    </ClInclude>
    <ClInclude Include="Engine\Objects\ModelManager.h">
      <Filter>Engine\Objects</Filter>
    </ClInclude>
    <ClInclude Include="Engine\Objects\ObjectBase.h">
      <Filter>Engine\Objects</Filter>
    </ClInclude>
    <ClInclude Include="Engine\Objects\Model\ModelData.h">
      <Filter>Engine\Objects\Model</Filter>
    </ClInclude>
    <ClInclude Include="Engine\Objects\Model\ModelObject.h">
      <Filter>Engine\Objects\Model</Filter>
    </ClInclude>
    <ClInclude Include="Engine\Objects\Primitive\LineObject.h">
      <Filter>Engine\Objects\Primitive</Filter>
    </ClInclude>
    <ClInclude Include="Engine\Objects\Primitive\SphereObject.h">
      <Filter>Engine\Objects\Primitive</Filter>
    </ClInclude>
    <ClInclude Include="Engine\Objects\Primitive\SpriteObject.h">
      <Filter>Engine\Objects\Primitive</Filter>
    </ClInclude>
    <ClInclude Include="Engine\Objects\Primitive\TriangleObject.h">
      <Filter>Engine\Objects\Primitive</Filter>
    </ClInclude>
    <ClInclude Include="Engine\ResourceView\PipelineStateObject\DepthStencil.h">
      <Filter>Engine\ResourceView</Filter>
    </ClInclude>
    <ClInclude Include="Engine\ResourceView\DescriptorHeap.h">
      <Filter>Engine\ResourceView</Filter>
    </ClInclude>
    <ClInclude Include="Engine\ResourceView\Fence.h">
      <Filter>Engine\ResourceView</Filter>
    </ClInclude>
    <ClInclude Include="Engine\ResourceView\RenderTargetView.h">
      <Filter>Engine\ResourceView</Filter>
    </ClInclude>
    <ClInclude Include="Engine\ResourceView\ResourceBarrier.h">
      <Filter>Engine\ResourceView</Filter>
    </ClInclude>
    <ClInclude Include="Engine\ResourceView\ResourceFunc.h">
      <Filter>Engine\ResourceView</Filter>
    </ClInclude>
    <ClInclude Include="Engine\ResourceView\ShaderResourceView.h">
      <Filter>Engine\ResourceView</Filter>
    </ClInclude>
    <ClInclude Include="Engine\ResourceView\SwapChain.h">
      <Filter>Engine\ResourceView</Filter>
    </ClInclude>
    <ClInclude Include="Engine\ResourceView\Texture\Texture.h">
      <Filter>Engine\ResourceView\Texture</Filter>
    </ClInclude>
    <ClInclude Include="Engine\ResourceView\Texture\TextureManager.h">
      <Filter>Engine\ResourceView\Texture</Filter>
    </ClInclude>
    <ClInclude Include="Engine\ResourceView\PipelineStateObject\BlendState.h">
      <Filter>Engine\ResourceView\PipelineStateObject</Filter>
    </ClInclude>
    <ClInclude Include="Engine\ResourceView\PipelineStateObject\DXC.h">
      <Filter>Engine\ResourceView\PipelineStateObject</Filter>
    </ClInclude>
    <ClInclude Include="Engine\ResourceView\PipelineStateObject\InputLayout.h">
      <Filter>Engine\ResourceView\PipelineStateObject</Filter>
    </ClInclude>
    <ClInclude Include="Engine\ResourceView\PipelineStateObject\PipelineStateObject.h">
      <Filter>Engine\ResourceView\PipelineStateObject</Filter>
    </ClInclude>
    <ClInclude Include="Engine\ResourceView\PipelineStateObject\RasterizerState.h">
      <Filter>Engine\ResourceView\PipelineStateObject</Filter>
    </ClInclude>
    <ClInclude Include="Engine\ResourceView\PipelineStateObject\RootSignature.h">
      <Filter>Engine\ResourceView\PipelineStateObject</Filter>
    </ClInclude>
    <ClInclude Include="Engine\Fngine.h">
      <Filter>Engine</Filter>
    </ClInclude>
    <ClInclude Include="Common\Structure\Matrix\Matrix3x3.h">
      <Filter>Common\Structure\Matrix</Filter>
    </ClInclude>
    <ClInclude Include="Common\Structure\Matrix\Matrix4x4.h">
      <Filter>Common\Structure\Matrix</Filter>
    </ClInclude>
    <ClInclude Include="Common\Structure\Vector\Vector2.h">
      <Filter>Common\Structure\Vector</Filter>
    </ClInclude>
    <ClInclude Include="Common\Structure\Vector\Vector3.h">
      <Filter>Common\Structure\Vector</Filter>
    </ClInclude>
    <ClInclude Include="Common\Structure\Vector\Vector4.h">
      <Filter>Common\Structure\Vector</Filter>
    </ClInclude>
    <ClInclude Include="Common\Structure\Structures.h">
      <Filter>Common\Structure</Filter>
    </ClInclude>
    <ClInclude Include="Common\Structure\Advanced\AABB.h">
      <Filter>Common\Structure\Advanced</Filter>
    </ClInclude>
    <ClInclude Include="Common\Structure\Advanced\Material.h">
      <Filter>Common\Structure\Advanced</Filter>
    </ClInclude>
    <ClInclude Include="Common\Structure\Advanced\Transform.h">
      <Filter>Common\Structure\Advanced</Filter>
    </ClInclude>
    <ClInclude Include="Common\Structure\Advanced\TransformationMatrix.h">
      <Filter>Common\Structure\Advanced</Filter>
    </ClInclude>
    <ClInclude Include="Common\Structure\Advanced\VertexData.h">
      <Filter>Common\Structure\Advanced</Filter>
    </ClInclude>
    <ClInclude Include="Common\Structure\Advanced\WorldTransform.h">
      <Filter>Common\Structure\Advanced</Filter>
    </ClInclude>
    <ClInclude Include="UsefulTool\Easing\EasingType.h">
      <Filter>UsefulTool\Easing</Filter>
    </ClInclude>
    <ClInclude Include="Game3D\Player3D\Player3DState\PlayerState.h">
      <Filter>Game3D\Player3D\PlayerState</Filter>
    </ClInclude>
    <ClInclude Include="Game3D\Enemy\Enemy.h">
      <Filter>Game3D\Enemy</Filter>
    </ClInclude>
    <ClInclude Include="Game3D\Enemy\EnemyState\EnemyState.h">
      <Filter>Game3D\Enemy\EnemyState</Filter>
    </ClInclude>
    <ClInclude Include="Game3D\Enemy\BossBodyCollider.h">
      <Filter>Game3D\Enemy</Filter>
    </ClInclude>
    <ClInclude Include="Game3D\Player3D\PlayerBodyCollider.h">
      <Filter>Game3D\Player3D</Filter>
    </ClInclude>
    <ClInclude Include="Engine\Objects\Particle\Particle.h">
      <Filter>Engine\Objects\Particle</Filter>
    </ClInclude>
    <ClInclude Include="Game3D\Bullet\Bullet.h">
      <Filter>Game3D\Bullet</Filter>
    </ClInclude>
    <ClInclude Include="Game3D\Bullet\BulletManager.h">
      <Filter>Game3D\Bullet</Filter>
    </ClInclude>
    <ClInclude Include="Scene\Clear\ClearScene.h">
      <Filter>Scene\Clear</Filter>
    </ClInclude>
    <ClInclude Include="Scene\GameOver\GameOver.h">
      <Filter>Scene\GameOver</Filter>
    </ClInclude>
    <ClInclude Include="Engine\Core\DebugTeam\D3D12ResourceLeakChecker.h">
      <Filter>Engine\Core\DebugTeam</Filter>
    </ClInclude>
    <ClInclude Include="Common\Structure\Advanced\CameraForGPU.h">
      <Filter>Common\Structure\Advanced</Filter>
    </ClInclude>
    <ClInclude Include="Engine\ResourceView\PipelineStateObject\PipelineStateObjectManager.h">
      <Filter>Engine\ResourceView\PipelineStateObject</Filter>
    </ClInclude>
    <ClInclude Include="UsefulTool\Light\PointLight\PointLight.h">
      <Filter>UsefulTool\Light\PointLight</Filter>
    </ClInclude>
    <ClInclude Include="UsefulTool\Light\SpotLight\SpotLight.h">
      <Filter>UsefulTool\Light\SpotLight</Filter>
    </ClInclude>
    <ClInclude Include="Engine\Objects\Particle\ForceField.h">
      <Filter>Engine\Objects\Particle</Filter>
    </ClInclude>
    <ClInclude Include="Engine\Objects\Particle\ParticleEmitter.h">
      <Filter>Engine\Objects\Particle</Filter>
    </ClInclude>
    <ClInclude Include="Common\Structure\Advanced\Structured.h">
      <Filter>Common\Structure\Advanced</Filter>
    </ClInclude>
    <ClInclude Include="Engine\Objects\Particle\ParticleData.h">
      <Filter>Engine\Objects\Particle</Filter>
    </ClInclude>
    <ClInclude Include="UsefulTool\GlobalVariables\GlobalVariables.h">
      <Filter>UsefulTool\GlobalVariables</Filter>
    </ClInclude>
    <ClInclude Include="Common\MathUtils\Physics\GJK\GJK.h">
      <Filter>Common\MathUtils\Physics\GJK</Filter>
    </ClInclude>
    <ClInclude Include="UsefulTool\Animation\Keyframe\Keyframe.h">
      <Filter>UsefulTool\Animation\Keyframe</Filter>
    </ClInclude>
    <ClInclude Include="UsefulTool\Animation\Animation.h">
      <Filter>UsefulTool\Animation</Filter>
    </ClInclude>
    <ClInclude Include="Game3D\Player3D\Player3DCommand\Player3DCommand.h">
      <Filter>Game3D\Player3D\Player3DCommand</Filter>
    </ClInclude>
    <ClInclude Include="Game3D\Player3D\Player3DCommand\PlayerInputHandler.h">
      <Filter>Game3D\Player3D\Player3DCommand</Filter>
    </ClInclude>
    <ClInclude Include="Game3D\Other\Ground.h">
      <Filter>Game3D\Other</Filter>
    </ClInclude>
    <ClInclude Include="Engine\Game.h">
      <Filter>Engine</Filter>
    </ClInclude>
    <ClInclude Include="Engine\WinApp.h">
      <Filter>Engine</Filter>
    </ClInclude>
    <ClInclude Include="UsefulTool\Light\AreaLight\AreaLight.h">
      <Filter>UsefulTool\Light\AreaLight</Filter>
    </ClInclude>
    <ClInclude Include="UsefulTool\Pause\PauseSystem.h">
      <Filter>UsefulTool\Pause</Filter>
    </ClInclude>
    <ClInclude Include="UsefulTool\UI\UIElement.h">
      <Filter>ヘッダー ファイル</Filter>
    </ClInclude>
    <ClInclude Include="UsefulTool\UI\UIContainer.h">
      <Filter>ヘッダー ファイル</Filter>
    </ClInclude>
    <ClInclude Include="UsefulTool\UI\UIHAnimation\UIHAnimation.h">
      <Filter>ヘッダー ファイル</Filter>
    </ClInclude>
    <ClInclude Include="UsefulTool\UI\UIHEditor\UIHEditor.h">
      <Filter>ヘッダー ファイル</Filter>
    </ClInclude>
    <ClInclude Include="Scene\Title\TitleScene.h">
      <Filter>Scene\Title</Filter>
    </ClInclude>
    <ClInclude Include="Common\Structure\Advanced\Constant.h">
      <Filter>ヘッダー ファイル</Filter>
    </ClInclude>
  </ItemGroup>
  <ItemGroup>
    <Text Include="externals\imgui\LICENSE.txt">
      <Filter>externals\imgui</Filter>
    </Text>
  </ItemGroup>
  <ItemGroup>
    <None Include="resources\shaders\Object3d\Object3d.hlsli">
      <Filter>resources\shaders\Object3d</Filter>
    </None>
    <None Include="resources\shaders\Particle\Particle.hlsli">
      <Filter>resources\shaders\Particle</Filter>
    </None>
    <None Include="resources\shaders\SkinningObject3d\SkinningObject3d.hlsli">
      <Filter>resources\shaders\SkinningObject3d</Filter>
    </None>
    <None Include="resources\shaders\CopyImage\CopyImage.hlsli" />
  </ItemGroup>
  <ItemGroup>
    <FxCompile Include="resources\shaders\Object3d\Object3d.VS.hlsl">
      <Filter>resources\shaders\Object3d</Filter>
    </FxCompile>
    <FxCompile Include="resources\shaders\Object3d\Object3d.PS.hlsl">
      <Filter>resources\shaders\Object3d</Filter>
    </FxCompile>
    <FxCompile Include="resources\shaders\Particle\Particle.PS.hlsl">
      <Filter>resources\shaders\Particle</Filter>
    </FxCompile>
    <FxCompile Include="resources\shaders\Particle\Particle.VS.hlsl">
      <Filter>resources\shaders\Particle</Filter>
    </FxCompile>
    <FxCompile Include="resources\shaders\SkinningObject3d\SkinningObject3d.PS.hlsl">
      <Filter>resources\shaders\SkinningObject3d</Filter>
    </FxCompile>
    <FxCompile Include="resources\shaders\SkinningObject3d\SkinningObject3d.VS.hlsl">
      <Filter>resources\shaders\SkinningObject3d</Filter>
    </FxCompile>
  </ItemGroup>
</Project>